{
  "name": "time-clock-isolated",
  "lockfileVersion": 3,
  "requires": true,
  "packages": {
    "": {
      "name": "time-clock-isolated",
      "dependencies": {
        "@journeyapps/wa-sqlite": "1.5.0",
        "@powersync/web": "1.37.1",
        "@supabase/supabase-js": "2.103.0",
        "fake-indexeddb": "^6.2.5"
      }
    },
    "node_modules/@journeyapps/wa-sqlite": {
      "version": "1.5.0",
      "resolved": "https://registry.npmjs.org/@journeyapps/wa-sqlite/-/wa-sqlite-1.5.0.tgz",
      "integrity": "sha512-oASXW/9Ktbhn6kJjxCJzRKxNnlOyj7GKBLF/59dkz1kbOLw7kAXBTwWTUvqfT97OEshtrK/J8bJUYbpggdCZ9Q==",
      "hasInstallScript": true
    },
    "node_modules/@powersync/common": {
      "version": "1.51.0",
      "resolved": "https://registry.npmjs.org/@powersync/common/-/common-1.51.0.tgz",
      "integrity": "sha512-nee5QQhPK8qLQFeocr/HDFCasdwIXhy16w29VPYOkKCed3ry5wKM9gDSh6L7E12D2rjfLrH1Z/e/uWeTC3oqfQ==",
      "license": "Apache-2.0",
      "dependencies": {
        "event-iterator": "^2.0.0"
      }
    },
    "node_modules/@powersync/web": {
      "version": "1.37.1",
      "resolved": "https://registry.npmjs.org/@powersync/web/-/web-1.37.1.tgz",
      "integrity": "sha512-tw2GfifpgfAeHNH+cFKEG5dQN0mhsoqnRv258ld45mcMkVZU5aTFGhglV4mn05ffe5zinFBP02g4dBM8T9ofYw==",
      "license": "Apache-2.0",
      "dependencies": {
        "@powersync/common": "1.51.0",
        "bson": "^6.10.4",
        "comlink": "^4.4.2",
        "commander": "^12.1.0"
      },
      "bin": {
        "powersync-web": "bin/powersync.cjs"
      },
      "peerDependencies": {
        "@journeyapps/wa-sqlite": "^1.5.0",
        "@powersync/common": "^1.51.0"
      }
    },
    "node_modules/@supabase/auth-js": {
      "version": "2.103.0",
      "resolved": "https://registry.npmjs.org/@supabase/auth-js/-/auth-js-2.103.0.tgz",
      "integrity": "sha512-6zAanO6c+6gpHOlt5Lb9TlBBkJdZiUWkWCJKAxzkywBDcwaHlLJKXnjQGX6GyVCyKRR1e7sTq4re/yRTH6U/9A==",
      "license": "MIT",
      "dependencies": {
        "tslib": "2.8.1"
      },
      "engines": {
        "node": ">=20.0.0"
      }
    },
    "node_modules/@supabase/functions-js": {
      "version": "2.103.0",
      "resolved": "https://registry.npmjs.org/@supabase/functions-js/-/functions-js-2.103.0.tgz",
      "integrity": "sha512-YrneV2NjskUkkmkZ2Jt2n3elBgbWzV4Y1M9MM370z2Zd5ZPFqFbY8KIoPwuNjtAGE9YrpKBxnbZqeF07BiN9Og==",
      "license": "MIT",
      "dependencies": {
        "tslib": "2.8.1"
      },
      "engines": {
        "node": ">=20.0.0"
      }
    },
    "node_modules/@supabase/phoenix": {
      "version": "0.4.5",
      "resolved": "https://registry.npmjs.org/@supabase/phoenix/-/phoenix-0.4.5.tgz",
      "integrity": "sha512-aAn9H9ovVyeApKy11OWOrrOGq8DV68yWeH4ud2lN9fzn4aO8Zb5GLL9m1pUg9nLqIcT+ZDfAcsZe0E/nqdv2lw==",
      "license": "MIT"
    },
    "node_modules/@supabase/postgrest-js": {
      "version": "2.103.0",
      "resolved": "https://registry.npmjs.org/@supabase/postgrest-js/-/postgrest-js-2.103.0.tgz",
      "integrity": "sha512-rC3sRxYdPZymkp2CZR1MiNQgbOleD01bGsW8VxEKRR5nMkLZ1NgAS1QTQf78Wh30czFyk505ZYr9Od8/mWT2TA==",
      "license": "MIT",
      "dependencies": {
        "tslib": "2.8.1"
      },
      "engines": {
        "node": ">=20.0.0"
      }
    },
    "node_modules/@supabase/realtime-js": {
      "version": "2.103.0",
      "resolved": "https://registry.npmjs.org/@supabase/realtime-js/-/realtime-js-2.103.0.tgz",
      "integrity": "sha512-gcPtXzZ6izyyBVf2of7K3dEt8CScPJn8VcSlQq6oWL9QoE1kqfQl0oFrOMHd5qrcADewxI7OxxosLB8W4XqtIQ==",
      "license": "MIT",
      "dependencies": {
        "@supabase/phoenix": "^0.4.0",
        "@types/ws": "^8.18.1",
        "tslib": "2.8.1",
        "ws": "^8.18.2"
      },
      "engines": {
        "node": ">=20.0.0"
      }
    },
    "node_modules/@supabase/storage-js": {
      "version": "2.103.0",
      "resolved": "https://registry.npmjs.org/@supabase/storage-js/-/storage-js-2.103.0.tgz",
      "integrity": "sha512-DHmlvdAXwtOmZNbkIZi4lkobPR3XjIzoOgzoz5duMf6G+sDeY015YrzMJCnqdccuYr7X5x4yYuSwF//RoN2dvQ==",
      "license": "MIT",
      "dependencies": {
        "iceberg-js": "^0.8.1",
        "tslib": "2.8.1"
      },
      "engines": {
        "node": ">=20.0.0"
      }
    },
    "node_modules/@supabase/supabase-js": {
      "version": "2.103.0",
      "resolved": "https://registry.npmjs.org/@supabase/supabase-js/-/supabase-js-2.103.0.tgz",
      "integrity": "sha512-j/6q5+LtXbR/YOLSLhy7Na74RD1cV2v+KwIIuuqMEjk1JpLEEyu0ynwDHpGoxMncDQl+R5FogaVqZm+85lZvtw==",
      "license": "MIT",
      "dependencies": {
        "@supabase/auth-js": "2.103.0",
        "@supabase/functions-js": "2.103.0",
        "@supabase/postgrest-js": "2.103.0",
        "@supabase/realtime-js": "2.103.0",
        "@supabase/storage-js": "2.103.0"
      },
      "engines": {
        "node": ">=20.0.0"
      }
    },
    "node_modules/@types/node": {
      "version": "26.6.2",
      "resolved": "https://registry.npmjs.org/@types/node/-/node-26.6.2.tgz",
      "integrity": "sha512-X1P21scMv4zGKLYqjdGjaKa7COa0RKVYYZZN/NfvLQ1JegxFhdhpZG/Lyn8AXx6CDUavKAd11v6BvfpkDByK8g==",
      "license": "MIT",
      "dependencies": {
        "undici-types": "~8.9.0"
      }
    },
    "node_modules/@types/ws": {
      "version": "8.18.1",
      "resolved": "https://registry.npmjs.org/@types/ws/-/ws-8.18.1.tgz",
      "integrity": "sha512-ThVF6DCVhA8kUGy+aazFQ4kXQ7E1Ty7A3ypFOe0IcJV8O/M511G99AW24irKrW56Wt44yG9+ij8FaqoBGkuBXg==",
      "license": "MIT",
      "dependencies": {
        "@types/node": "*"
      }
    },
    "node_modules/bson": {
      "version": "6.10.4",
      "resolved": "https://registry.npmjs.org/bson/-/bson-6.10.4.tgz",
      "integrity": "sha512-WIsKqkSC0ABoBJuT1LEX+2HEvNmNKKgnTAyd0fL8qzK4SH2i9NXg+t08YtdZp/V9IZ33cxe3iV4yM0qg8lMQng==",
      "license": "Apache-2.0",
      "engines": {
        "node": ">=16.20.1"
      }
    },
    "node_modules/comlink": {
      "version": "4.4.2",
      "resolved": "https://registry.npmjs.org/comlink/-/comlink-4.4.2.tgz",
      "integrity": "sha512-OxGdvBmJuNKSCMO4NTl1L47VRp6xn2wG4F/2hYzB6tiCb709otOxtEYCSvK80PtjODfXXZu8ds+Nw5kVCjqd2g==",
      "license": "Apache-2.0"
    },
    "node_modules/commander": {
      "version": "12.1.0",
      "resolved": "https://registry.npmjs.org/commander/-/commander-12.1.0.tgz",
      "integrity": "sha512-Vw8qHK3bZM9y/P10u3Vib8o/DdkvA2OtPtZvD871QKjy74Wj1WSKFILMPRPSdUSx5RFK1arlJzEtA4PkFgnbuA==",
      "license": "MIT",
      "engines": {
        "node": ">=18"
      }
    },
    "node_modules/event-iterator": {
      "version": "2.0.0",
      "resolved": "https://registry.npmjs.org/event-iterator/-/event-iterator-2.0.0.tgz",
      "integrity": "sha512-KGft0ldl31BZVV//jj+IAIGCxkvvUkkON+ScH6zfoX+l+omX6001ggyRSpI0Io2Hlro0ThXotswCtfzS8UkIiQ==",
      "license": "MIT"
    },
    "node_modules/fake-indexeddb": {
      "version": "6.2.5",
      "resolved": "https://registry.npmjs.org/fake-indexeddb/-/fake-indexeddb-6.2.5.tgz",
      "integrity": "sha512-CGnyrvbhPlWYMngksqrSSUT1BAVP49dZocrHuK0SvtR0D5TMs5wP0o3j7jexDJW01KSadjBp1M/71o/KR3nD1w==",
      "license": "Apache-2.0",
      "engines": {
        "node": ">=18"
      }
    },
    "node_modules/iceberg-js": {
      "version": "0.8.1",
      "resolved": "https://registry.npmjs.org/iceberg-js/-/iceberg-js-0.8.1.tgz",
      "integrity": "sha512-1dhVQZXhcHje7798IVM+xoo/1ZdVfzOMIc8/rgVSijRK38EDqOJoGula9N/8ZI5RD8QTxNQtK/Gozpr+qUqRRA==",
      "license": "MIT",
      "engines": {
        "node": ">=20.0.0"
      }
    },
    "node_modules/tslib": {
      "version": "2.8.1",
      "resolved": "https://registry.npmjs.org/tslib/-/tslib-2.8.1.tgz",
      "integrity": "sha512-oJFu94HQb+KVduSUQL7wnpmqnfmLsOA/nAh6b6EH0wCEoK0/mPeXU6c3wKDV83MkOuHPRHtSXKKU99IBazS/2w==",
      "license": "0BSD"
    },
    "node_modules/undici-types": {
      "version": "8.9.0",
      "resolved": "https://registry.npmjs.org/undici-types/-/undici-types-8.9.0.tgz",
      "integrity": "sha512-KTDyRTYX8sWmKXAikPHHSyc63CRPETMctyjKFupcC6OBLXT3xsN0e9aF7m+mIXutFWpUXuedtowG7iLOzp0kQg==",
      "license": "MIT"
    },
    "node_modules/ws": {
      "version": "8.21.3",
      "resolved": "https://registry.npmjs.org/ws/-/ws-8.21.3.tgz",
      "integrity": "sha512-201TZ/kPWxoPr/OKWjquZR1SWKXcvxdH+e1xrx89b3YbmzLMFCLfnaG1HFIgWzJOEWZ7MvpK++odZufgYR50Rw==",
      "license": "MIT",
      "engines": {
        "node": ">=10.0.0"
      },
      "peerDependencies": {
        "bufferutil": "^4.0.1",
        "utf-8-validate": ">=5.0.2"
      },
      "peerDependenciesMeta": {
        "bufferutil": {
          "optional": true
        },
        "utf-8-validate": {
          "optional": true
        }
      }
    }
  }
}
